
Microsoft Visual Studio Solution File, Format Version 12.00
# Visual Studio Version 17
VisualStudioVersion = 17.6.33815.320
MinimumVisualStudioVersion = 10.0.40219.1
Project("{FAE04EC0-301F-11D3-BF4B-00C04F79EFBC}") = "UserRegistration", "UserRegistration\UserRegistration.csproj", "{9945DF4E-5DC5-4337-8EB6-F024158F11C5}"
EndProject
Project("{FAE04EC0-301F-11D3-BF4B-00C04F79EFBC}") = "UserRegistrationTests", "UserRegistrationTests\UserRegistrationTests.csproj", "{70166748-8003-4111-919C-E7BB0D2336C2}"
EndProject
Global
	GlobalSection(SolutionConfigurationPlatforms) = preSolution
		Debug|Any CPU = Debug|Any CPU
		Release|Any CPU = Release|Any CPU
	EndGlobalSection
	GlobalSection(ProjectConfigurationPlatforms) = postSolution
		{9945DF4E-5DC5-4337-8EB6-F024158F11C5}.Debug|Any CPU.ActiveCfg = Debug|Any CPU
		{9945DF4E-5DC5-4337-8EB6-F024158F11C5}.Debug|Any CPU.Build.0 = Debug|Any CPU
		{9945DF4E-5DC5-4337-8EB6-F024158F11C5}.Release|Any CPU.ActiveCfg = Release|Any CPU
		{9945DF4E-5DC5-4337-8EB6-F024158F11C5}.Release|Any CPU.Build.0 = Release|Any CPU
		{70166748-8003-4111-919C-E7BB0D2336C2}.Debug|Any CPU.ActiveCfg = Debug|Any CPU
		{70166748-8003-4111-919C-E7BB0D2336C2}.Debug|Any CPU.Build.0 = Debug|Any CPU
		{70166748-8003-4111-919C-E7BB0D2336C2}.Release|Any CPU.ActiveCfg = Release|Any CPU
		{70166748-8003-4111-919C-E7BB0D2336C2}.Release|Any CPU.Build.0 = Release|Any CPU
	EndGlobalSection
	GlobalSection(SolutionProperties) = preSolution
		HideSolutionNode = FALSE
	EndGlobalSection
	GlobalSection(ExtensibilityGlobals) = postSolution
		SolutionGuid = {3E80722D-97C3-4466-9F3A-26D40C02A184}
	EndGlobalSection
EndGlobal
